
Microsoft Visual Studio Solution File, Format Version 12.00
# Visual Studio Version 17
VisualStudioVersion = 17.9.34701.34
MinimumVisualStudioVersion = 10.0.40219.1
Project("{FAE04EC0-301F-11D3-BF4B-00C04F79EFBC}") = "ADSProject", "ADSProject.csproj", "{AF40E604-CB18-45D1-A755-3870E20C1A1E}"
EndProject
Global
	GlobalSection(SolutionConfigurationPlatforms) = preSolution
		Debug|Any CPU = Debug|Any CPU
		Release|Any CPU = Release|Any CPU
	EndGlobalSection
	GlobalSection(ProjectConfigurationPlatforms) = postSolution
		{AF40E604-CB18-45D1-A755-3870E20C1A1E}.Debug|Any CPU.ActiveCfg = Debug|Any CPU
		{AF40E604-CB18-45D1-A755-3870E20C1A1E}.Debug|Any CPU.Build.0 = Debug|Any CPU
		{AF40E604-CB18-45D1-A755-3870E20C1A1E}.Release|Any CPU.ActiveCfg = Release|Any CPU
		{AF40E604-CB18-45D1-A755-3870E20C1A1E}.Release|Any CPU.Build.0 = Release|Any CPU
	EndGlobalSection
	GlobalSection(SolutionProperties) = preSolution
		HideSolutionNode = FALSE
	EndGlobalSection
	GlobalSection(ExtensibilityGlobals) = postSolution
		SolutionGuid = {40E05151-3726-4AC4-A706-2A934170E7C5}
	EndGlobalSection
EndGlobal
